// !$*UTF8*$!
{
	archiveVersion = 1;
	classes = {
	};
	objectVersion = 56;
	objects = {

/* Begin PBXBuildFile section */
		7E6D32282C802A9A0058DE8A /* Camera_PhotoApp.swift in Sources */ = {isa = PBXBuildFile; fileRef = 7E6D32272C802A9A0058DE8A /* Camera_PhotoApp.swift */; };
		7E6D322A2C802A9A0058DE8A /* PhotoListView.swift in Sources */ = {isa = PBXBuildFile; fileRef = 7E6D32292C802A9A0058DE8A /* PhotoListView.swift */; };
		7E6D322C2C802A9C0058DE8A /* Assets.xcassets in Resources */ = {isa = PBXBuildFile; fileRef = 7E6D322B2C802A9C0058DE8A /* Assets.xcassets */; };
		7E6D322F2C802A9C0058DE8A /* Preview Assets.xcassets in Resources */ = {isa = PBXBuildFile; fileRef = 7E6D322E2C802A9C0058DE8A /* Preview Assets.xcassets */; };
		7E6D32362C802ADF0058DE8A /* SampleModel.swift in Sources */ = {isa = PBXBuildFile; fileRef = 7E6D32352C802ADF0058DE8A /* SampleModel.swift */; };
		7E6D32392C802BCF0058DE8A /* Constants.swift in Sources */ = {isa = PBXBuildFile; fileRef = 7E6D32382C802BCF0058DE8A /* Constants.swift */; };
		7E6D323B2C8030FE0058DE8A /* SampleView.swift in Sources */ = {isa = PBXBuildFile; fileRef = 7E6D323A2C8030FE0058DE8A /* SampleView.swift */; };
		7E6D323E2C804FBE0058DE8A /* UpdateEditFormViewModel.swift in Sources */ = {isa = PBXBuildFile; fileRef = 7E6D323D2C804FBE0058DE8A /* UpdateEditFormViewModel.swift */; };
		7E6D32402C8051680058DE8A /* UpdateEditFormView.swift in Sources */ = {isa = PBXBuildFile; fileRef = 7E6D323F2C8051680058DE8A /* UpdateEditFormView.swift */; };
		7E6D32422C8053B30058DE8A /* ImagePicker.swift in Sources */ = {isa = PBXBuildFile; fileRef = 7E6D32412C8053B30058DE8A /* ImagePicker.swift */; };
		7E6D32442C8057F40058DE8A /* ModelFormType.swift in Sources */ = {isa = PBXBuildFile; fileRef = 7E6D32432C8057F40058DE8A /* ModelFormType.swift */; };
/* End PBXBuildFile section */

/* Begin PBXFileReference section */
		7E6D32242C802A9A0058DE8A /* Camera Photo.app */ = {isa = PBXFileReference; explicitFileType = wrapper.application; includeInIndex = 0; path = "Camera Photo.app"; sourceTree = BUILT_PRODUCTS_DIR; };
		7E6D32272C802A9A0058DE8A /* Camera_PhotoApp.swift */ = {isa = PBXFileReference; lastKnownFileType = sourcecode.swift; path = Camera_PhotoApp.swift; sourceTree = "<group>"; };
		7E6D32292C802A9A0058DE8A /* PhotoListView.swift */ = {isa = PBXFileReference; lastKnownFileType = sourcecode.swift; path = PhotoListView.swift; sourceTree = "<group>"; };
		7E6D322B2C802A9C0058DE8A /* Assets.xcassets */ = {isa = PBXFileReference; lastKnownFileType = folder.assetcatalog; path = Assets.xcassets; sourceTree = "<group>"; };
		7E6D322E2C802A9C0058DE8A /* Preview Assets.xcassets */ = {isa = PBXFileReference; lastKnownFileType = folder.assetcatalog; path = "Preview Assets.xcassets"; sourceTree = "<group>"; };
		7E6D32352C802ADF0058DE8A /* SampleModel.swift */ = {isa = PBXFileReference; lastKnownFileType = sourcecode.swift; path = SampleModel.swift; sourceTree = "<group>"; };
		7E6D32382C802BCF0058DE8A /* Constants.swift */ = {isa = PBXFileReference; lastKnownFileType = sourcecode.swift; path = Constants.swift; sourceTree = "<group>"; };
		7E6D323A2C8030FE0058DE8A /* SampleView.swift */ = {isa = PBXFileReference; lastKnownFileType = sourcecode.swift; path = SampleView.swift; sourceTree = "<group>"; };
		7E6D323D2C804FBE0058DE8A /* UpdateEditFormViewModel.swift */ = {isa = PBXFileReference; lastKnownFileType = sourcecode.swift; path = UpdateEditFormViewModel.swift; sourceTree = "<group>"; };
		7E6D323F2C8051680058DE8A /* UpdateEditFormView.swift */ = {isa = PBXFileReference; lastKnownFileType = sourcecode.swift; path = UpdateEditFormView.swift; sourceTree = "<group>"; };
		7E6D32412C8053B30058DE8A /* ImagePicker.swift */ = {isa = PBXFileReference; lastKnownFileType = sourcecode.swift; path = ImagePicker.swift; sourceTree = "<group>"; };
		7E6D32432C8057F40058DE8A /* ModelFormType.swift */ = {isa = PBXFileReference; lastKnownFileType = sourcecode.swift; path = ModelFormType.swift; sourceTree = "<group>"; };
/* End PBXFileReference section */

/* Begin PBXFrameworksBuildPhase section */
		7E6D32212C802A9A0058DE8A /* Frameworks */ = {
			isa = PBXFrameworksBuildPhase;
			buildActionMask = 2147483647;
			files = (
			);
			runOnlyForDeploymentPostprocessing = 0;
		};
/* End PBXFrameworksBuildPhase section */

/* Begin PBXGroup section */
		7E6D321B2C802A9A0058DE8A = {
			isa = PBXGroup;
			children = (
				7E6D32262C802A9A0058DE8A /* Camera Photo */,
				7E6D32252C802A9A0058DE8A /* Products */,
			);
			sourceTree = "<group>";
		};
		7E6D32252C802A9A0058DE8A /* Products */ = {
			isa = PBXGroup;
			children = (
				7E6D32242C802A9A0058DE8A /* Camera Photo.app */,
			);
			name = Products;
			sourceTree = "<group>";
		};
		7E6D32262C802A9A0058DE8A /* Camera Photo */ = {
			isa = PBXGroup;
			children = (
				7E6D323C2C804F830058DE8A /* Model Edits */,
				7E6D32372C802BA20058DE8A /* ImagePicker_Camera */,
				7E6D32272C802A9A0058DE8A /* Camera_PhotoApp.swift */,
				7E6D32292C802A9A0058DE8A /* PhotoListView.swift */,
				7E6D32352C802ADF0058DE8A /* SampleModel.swift */,
				7E6D322B2C802A9C0058DE8A /* Assets.xcassets */,
				7E6D322D2C802A9C0058DE8A /* Preview Content */,
				7E6D323A2C8030FE0058DE8A /* SampleView.swift */,
			);
			path = "Camera Photo";
			sourceTree = "<group>";
		};
		7E6D322D2C802A9C0058DE8A /* Preview Content */ = {
			isa = PBXGroup;
			children = (
				7E6D322E2C802A9C0058DE8A /* Preview Assets.xcassets */,
			);
			path = "Preview Content";
			sourceTree = "<group>";
		};
		7E6D32372C802BA20058DE8A /* ImagePicker_Camera */ = {
			isa = PBXGroup;
			children = (
				7E6D32382C802BCF0058DE8A /* Constants.swift */,
				7E6D32412C8053B30058DE8A /* ImagePicker.swift */,
			);
			path = ImagePicker_Camera;
			sourceTree = "<group>";
		};
		7E6D323C2C804F830058DE8A /* Model Edits */ = {
			isa = PBXGroup;
			children = (
				7E6D323D2C804FBE0058DE8A /* UpdateEditFormViewModel.swift */,
				7E6D323F2C8051680058DE8A /* UpdateEditFormView.swift */,
				7E6D32432C8057F40058DE8A /* ModelFormType.swift */,
			);
			path = "Model Edits";
			sourceTree = "<group>";
		};
/* End PBXGroup section */

/* Begin PBXNativeTarget section */
		7E6D32232C802A9A0058DE8A /* Camera Photo */ = {
			isa = PBXNativeTarget;
			buildConfigurationList = 7E6D32322C802A9C0058DE8A /* Build configuration list for PBXNativeTarget "Camera Photo" */;
			buildPhases = (
				7E6D32202C802A9A0058DE8A /* Sources */,
				7E6D32212C802A9A0058DE8A /* Frameworks */,
				7E6D32222C802A9A0058DE8A /* Resources */,
			);
			buildRules = (
			);
			dependencies = (
			);
			name = "Camera Photo";
			productName = "Camera Photo";
			productReference = 7E6D32242C802A9A0058DE8A /* Camera Photo.app */;
			productType = "com.apple.product-type.application";
		};
/* End PBXNativeTarget section */

/* Begin PBXProject section */
		7E6D321C2C802A9A0058DE8A /* Project object */ = {
			isa = PBXProject;
			attributes = {
				BuildIndependentTargetsInParallel = 1;
				LastSwiftUpdateCheck = 1500;
				LastUpgradeCheck = 1500;
				TargetAttributes = {
					7E6D32232C802A9A0058DE8A = {
						CreatedOnToolsVersion = 15.0.1;
					};
				};
			};
			buildConfigurationList = 7E6D321F2C802A9A0058DE8A /* Build configuration list for PBXProject "Camera Photo" */;
			compatibilityVersion = "Xcode 14.0";
			developmentRegion = en;
			hasScannedForEncodings = 0;
			knownRegions = (
				en,
				Base,
			);
			mainGroup = 7E6D321B2C802A9A0058DE8A;
			productRefGroup = 7E6D32252C802A9A0058DE8A /* Products */;
			projectDirPath = "";
			projectRoot = "";
			targets = (
				7E6D32232C802A9A0058DE8A /* Camera Photo */,
			);
		};
/* End PBXProject section */

/* Begin PBXResourcesBuildPhase section */
		7E6D32222C802A9A0058DE8A /* Resources */ = {
			isa = PBXResourcesBuildPhase;
			buildActionMask = 2147483647;
			files = (
				7E6D322F2C802A9C0058DE8A /* Preview Assets.xcassets in Resources */,
				7E6D322C2C802A9C0058DE8A /* Assets.xcassets in Resources */,
			);
			runOnlyForDeploymentPostprocessing = 0;
		};
/* End PBXResourcesBuildPhase section */

/* Begin PBXSourcesBuildPhase section */
		7E6D32202C802A9A0058DE8A /* Sources */ = {
			isa = PBXSourcesBuildPhase;
			buildActionMask = 2147483647;
			files = (
				7E6D32402C8051680058DE8A /* UpdateEditFormView.swift in Sources */,
				7E6D323B2C8030FE0058DE8A /* SampleView.swift in Sources */,
				7E6D322A2C802A9A0058DE8A /* PhotoListView.swift in Sources */,
				7E6D32362C802ADF0058DE8A /* SampleModel.swift in Sources */,
				7E6D32442C8057F40058DE8A /* ModelFormType.swift in Sources */,
				7E6D32282C802A9A0058DE8A /* Camera_PhotoApp.swift in Sources */,
				7E6D32422C8053B30058DE8A /* ImagePicker.swift in Sources */,
				7E6D32392C802BCF0058DE8A /* Constants.swift in Sources */,
				7E6D323E2C804FBE0058DE8A /* UpdateEditFormViewModel.swift in Sources */,
			);
			runOnlyForDeploymentPostprocessing = 0;
		};
/* End PBXSourcesBuildPhase section */

/* Begin XCBuildConfiguration section */
		7E6D32302C802A9C0058DE8A /* Debug */ = {
			isa = XCBuildConfiguration;
			buildSettings = {
				ALWAYS_SEARCH_USER_PATHS = NO;
				ASSETCATALOG_COMPILER_GENERATE_SWIFT_ASSET_SYMBOL_EXTENSIONS = YES;
				CLANG_ANALYZER_NONNULL = YES;
				CLANG_ANALYZER_NUMBER_OBJECT_CONVERSION = YES_AGGRESSIVE;
				CLANG_CXX_LANGUAGE_STANDARD = "gnu++20";
				CLANG_ENABLE_MODULES = YES;
				CLANG_ENABLE_OBJC_ARC = YES;
				CLANG_ENABLE_OBJC_WEAK = YES;
				CLANG_WARN_BLOCK_CAPTURE_AUTORELEASING = YES;
				CLANG_WARN_BOOL_CONVERSION = YES;
				CLANG_WARN_COMMA = YES;
				CLANG_WARN_CONSTANT_CONVERSION = YES;
				CLANG_WARN_DEPRECATED_OBJC_IMPLEMENTATIONS = YES;
				CLANG_WARN_DIRECT_OBJC_ISA_USAGE = YES_ERROR;
				CLANG_WARN_DOCUMENTATION_COMMENTS = YES;
				CLANG_WARN_EMPTY_BODY = YES;
				CLANG_WARN_ENUM_CONVERSION = YES;
				CLANG_WARN_INFINITE_RECURSION = YES;
				CLANG_WARN_INT_CONVERSION = YES;
				CLANG_WARN_NON_LITERAL_NULL_CONVERSION = YES;
				CLANG_WARN_OBJC_IMPLICIT_RETAIN_SELF = YES;
				CLANG_WARN_OBJC_LITERAL_CONVERSION = YES;
				CLANG_WARN_OBJC_ROOT_CLASS = YES_ERROR;
				CLANG_WARN_QUOTED_INCLUDE_IN_FRAMEWORK_HEADER = YES;
				CLANG_WARN_RANGE_LOOP_ANALYSIS = YES;
				CLANG_WARN_STRICT_PROTOTYPES = YES;
				CLANG_WARN_SUSPICIOUS_MOVE = YES;
				CLANG_WARN_UNGUARDED_AVAILABILITY = YES_AGGRESSIVE;
				CLANG_WARN_UNREACHABLE_CODE = YES;
				CLANG_WARN__DUPLICATE_METHOD_MATCH = YES;
				COPY_PHASE_STRIP = NO;
				DEBUG_INFORMATION_FORMAT = dwarf;
				ENABLE_STRICT_OBJC_MSGSEND = YES;
				ENABLE_TESTABILITY = YES;
				ENABLE_USER_SCRIPT_SANDBOXING = YES;
				GCC_C_LANGUAGE_STANDARD = gnu17;
				GCC_DYNAMIC_NO_PIC = NO;
				GCC_NO_COMMON_BLOCKS = YES;
				GCC_OPTIMIZATION_LEVEL = 0;
				GCC_PREPROCESSOR_DEFINITIONS = (
					"DEBUG=1",
					"$(inherited)",
				);
				GCC_WARN_64_TO_32_BIT_CONVERSION = YES;
				GCC_WARN_ABOUT_RETURN_TYPE = YES_ERROR;
				GCC_WARN_UNDECLARED_SELECTOR = YES;
				GCC_WARN_UNINITIALIZED_AUTOS = YES_AGGRESSIVE;
				GCC_WARN_UNUSED_FUNCTION = YES;
				GCC_WARN_UNUSED_VARIABLE = YES;
				IPHONEOS_DEPLOYMENT_TARGET = 17.0;
				LOCALIZATION_PREFERS_STRING_CATALOGS = YES;
				MTL_ENABLE_DEBUG_INFO = INCLUDE_SOURCE;
				MTL_FAST_MATH = YES;
				ONLY_ACTIVE_ARCH = YES;
				SDKROOT = iphoneos;
				SWIFT_ACTIVE_COMPILATION_CONDITIONS = "DEBUG $(inherited)";
				SWIFT_OPTIMIZATION_LEVEL = "-Onone";
			};
			name = Debug;
		};
		7E6D32312C802A9C0058DE8A /* Release */ = {
			isa = XCBuildConfiguration;
			buildSettings = {
				ALWAYS_SEARCH_USER_PATHS = NO;
				ASSETCATALOG_COMPILER_GENERATE_SWIFT_ASSET_SYMBOL_EXTENSIONS = YES;
				CLANG_ANALYZER_NONNULL = YES;
				CLANG_ANALYZER_NUMBER_OBJECT_CONVERSION = YES_AGGRESSIVE;
				CLANG_CXX_LANGUAGE_STANDARD = "gnu++20";
				CLANG_ENABLE_MODULES = YES;
				CLANG_ENABLE_OBJC_ARC = YES;
				CLANG_ENABLE_OBJC_WEAK = YES;
				CLANG_WARN_BLOCK_CAPTURE_AUTORELEASING = YES;
				CLANG_WARN_BOOL_CONVERSION = YES;
				CLANG_WARN_COMMA = YES;
				CLANG_WARN_CONSTANT_CONVERSION = YES;
				CLANG_WARN_DEPRECATED_OBJC_IMPLEMENTATIONS = YES;
				CLANG_WARN_DIRECT_OBJC_ISA_USAGE = YES_ERROR;
				CLANG_WARN_DOCUMENTATION_COMMENTS = YES;
				CLANG_WARN_EMPTY_BODY = YES;
				CLANG_WARN_ENUM_CONVERSION = YES;
				CLANG_WARN_INFINITE_RECURSION = YES;
				CLANG_WARN_INT_CONVERSION = YES;
				CLANG_WARN_NON_LITERAL_NULL_CONVERSION = YES;
				CLANG_WARN_OBJC_IMPLICIT_RETAIN_SELF = YES;
				CLANG_WARN_OBJC_LITERAL_CONVERSION = YES;
				CLANG_WARN_OBJC_ROOT_CLASS = YES_ERROR;
				CLANG_WARN_QUOTED_INCLUDE_IN_FRAMEWORK_HEADER = YES;
				CLANG_WARN_RANGE_LOOP_ANALYSIS = YES;
				CLANG_WARN_STRICT_PROTOTYPES = YES;
				CLANG_WARN_SUSPICIOUS_MOVE = YES;
				CLANG_WARN_UNGUARDED_AVAILABILITY = YES_AGGRESSIVE;
				CLANG_WARN_UNREACHABLE_CODE = YES;
				CLANG_WARN__DUPLICATE_METHOD_MATCH = YES;
				COPY_PHASE_STRIP = NO;
				DEBUG_INFORMATION_FORMAT = "dwarf-with-dsym";
				ENABLE_NS_ASSERTIONS = NO;
				ENABLE_STRICT_OBJC_MSGSEND = YES;
				ENABLE_USER_SCRIPT_SANDBOXING = YES;
				GCC_C_LANGUAGE_STANDARD = gnu17;
				GCC_NO_COMMON_BLOCKS = YES;
				GCC_WARN_64_TO_32_BIT_CONVERSION = YES;
				GCC_WARN_ABOUT_RETURN_TYPE = YES_ERROR;
				GCC_WARN_UNDECLARED_SELECTOR = YES;
				GCC_WARN_UNINITIALIZED_AUTOS = YES_AGGRESSIVE;
				GCC_WARN_UNUSED_FUNCTION = YES;
				GCC_WARN_UNUSED_VARIABLE = YES;
				IPHONEOS_DEPLOYMENT_TARGET = 17.0;
				LOCALIZATION_PREFERS_STRING_CATALOGS = YES;
				MTL_ENABLE_DEBUG_INFO = NO;
				MTL_FAST_MATH = YES;
				SDKROOT = iphoneos;
				SWIFT_COMPILATION_MODE = wholemodule;
				VALIDATE_PRODUCT = YES;
			};
			name = Release;
		};
		7E6D32332C802A9C0058DE8A /* Debug */ = {
			isa = XCBuildConfiguration;
			buildSettings = {
				ASSETCATALOG_COMPILER_APPICON_NAME = AppIcon;
				ASSETCATALOG_COMPILER_GLOBAL_ACCENT_COLOR_NAME = AccentColor;
				CODE_SIGN_STYLE = Automatic;
				CURRENT_PROJECT_VERSION = 1;
				DEVELOPMENT_ASSET_PATHS = "\"Camera Photo/Preview Content\"";
				DEVELOPMENT_TEAM = QPLP9N9P96;
				ENABLE_PREVIEWS = YES;
				GENERATE_INFOPLIST_FILE = YES;
				INFOPLIST_KEY_UIApplicationSceneManifest_Generation = YES;
				INFOPLIST_KEY_UIApplicationSupportsIndirectInputEvents = YES;
				INFOPLIST_KEY_UILaunchScreen_Generation = YES;
				INFOPLIST_KEY_UISupportedInterfaceOrientations_iPad = "UIInterfaceOrientationPortrait UIInterfaceOrientationPortraitUpsideDown UIInterfaceOrientationLandscapeLeft UIInterfaceOrientationLandscapeRight";
				INFOPLIST_KEY_UISupportedInterfaceOrientations_iPhone = "UIInterfaceOrientationPortrait UIInterfaceOrientationLandscapeLeft UIInterfaceOrientationLandscapeRight";
				LD_RUNPATH_SEARCH_PATHS = (
					"$(inherited)",
					"@executable_path/Frameworks",
				);
				MARKETING_VERSION = 1.0;
				PRODUCT_BUNDLE_IDENTIFIER = "com.viet.tung.Camera-Photo";
				PRODUCT_NAME = "$(TARGET_NAME)";
				SWIFT_EMIT_LOC_STRINGS = YES;
				SWIFT_VERSION = 5.0;
				TARGETED_DEVICE_FAMILY = "1,2";
			};
			name = Debug;
		};
		7E6D32342C802A9C0058DE8A /* Release */ = {
			isa = XCBuildConfiguration;
			buildSettings = {
				ASSETCATALOG_COMPILER_APPICON_NAME = AppIcon;
				ASSETCATALOG_COMPILER_GLOBAL_ACCENT_COLOR_NAME = AccentColor;
				CODE_SIGN_STYLE = Automatic;
				CURRENT_PROJECT_VERSION = 1;
				DEVELOPMENT_ASSET_PATHS = "\"Camera Photo/Preview Content\"";
				DEVELOPMENT_TEAM = QPLP9N9P96;
				ENABLE_PREVIEWS = YES;
				GENERATE_INFOPLIST_FILE = YES;
				INFOPLIST_KEY_UIApplicationSceneManifest_Generation = YES;
				INFOPLIST_KEY_UIApplicationSupportsIndirectInputEvents = YES;
				INFOPLIST_KEY_UILaunchScreen_Generation = YES;
				INFOPLIST_KEY_UISupportedInterfaceOrientations_iPad = "UIInterfaceOrientationPortrait UIInterfaceOrientationPortraitUpsideDown UIInterfaceOrientationLandscapeLeft UIInterfaceOrientationLandscapeRight";
				INFOPLIST_KEY_UISupportedInterfaceOrientations_iPhone = "UIInterfaceOrientationPortrait UIInterfaceOrientationLandscapeLeft UIInterfaceOrientationLandscapeRight";
				LD_RUNPATH_SEARCH_PATHS = (
					"$(inherited)",
					"@executable_path/Frameworks",
				);
				MARKETING_VERSION = 1.0;
				PRODUCT_BUNDLE_IDENTIFIER = "com.viet.tung.Camera-Photo";
				PRODUCT_NAME = "$(TARGET_NAME)";
				SWIFT_EMIT_LOC_STRINGS = YES;
				SWIFT_VERSION = 5.0;
				TARGETED_DEVICE_FAMILY = "1,2";
			};
			name = Release;
		};
/* End XCBuildConfiguration section */

/* Begin XCConfigurationList section */
		7E6D321F2C802A9A0058DE8A /* Build configuration list for PBXProject "Camera Photo" */ = {
			isa = XCConfigurationList;
			buildConfigurations = (
				7E6D32302C802A9C0058DE8A /* Debug */,
				7E6D32312C802A9C0058DE8A /* Release */,
			);
			defaultConfigurationIsVisible = 0;
			defaultConfigurationName = Release;
		};
		7E6D32322C802A9C0058DE8A /* Build configuration list for PBXNativeTarget "Camera Photo" */ = {
			isa = XCConfigurationList;
			buildConfigurations = (
				7E6D32332C802A9C0058DE8A /* Debug */,
				7E6D32342C802A9C0058DE8A /* Release */,
			);
			defaultConfigurationIsVisible = 0;
			defaultConfigurationName = Release;
		};
/* End XCConfigurationList section */
	};
	rootObject = 7E6D321C2C802A9A0058DE8A /* Project object */;
}
